
Microsoft Visual Studio Solution File, Format Version 12.00
# Visual Studio Version 17
VisualStudioVersion = 17.12.35521.163
MinimumVisualStudioVersion = 10.0.40219.1
Project("{FAE04EC0-301F-11D3-BF4B-00C04F79EFBC}") = "EduRepo.API", "EduRepo.API\EduRepo.API.csproj", "{0D96B8C7-F890-4381-AB68-5714BA4A9A02}"
	ProjectSection(ProjectDependencies) = postProject
		{F43D8DC1-0019-42A9-8108-CE36D728C284} = {F43D8DC1-0019-42A9-8108-CE36D728C284}
	EndProjectSection
EndProject
Project("{FAE04EC0-301F-11D3-BF4B-00C04F79EFBC}") = "EduRepo.Domain", "EduRepo.Domain\EduRepo.Domain.csproj", "{101294C1-EE82-45C4-B787-29E37E167EA7}"
EndProject
Project("{FAE04EC0-301F-11D3-BF4B-00C04F79EFBC}") = "EduRepo.Application", "EduRepo.Application\EduRepo.Application.csproj", "{F43D8DC1-0019-42A9-8108-CE36D728C284}"
	ProjectSection(ProjectDependencies) = postProject
		{101294C1-EE82-45C4-B787-29E37E167EA7} = {101294C1-EE82-45C4-B787-29E37E167EA7}
		{7E34E85C-515E-404A-93E8-9B7C4B277A09} = {7E34E85C-515E-404A-93E8-9B7C4B277A09}
	EndProjectSection
EndProject
Project("{FAE04EC0-301F-11D3-BF4B-00C04F79EFBC}") = "EduRepo.Infrastructure", "EduRepo.Infrastructure\EduRepo.Infrastructure.csproj", "{7E34E85C-515E-404A-93E8-9B7C4B277A09}"
	ProjectSection(ProjectDependencies) = postProject
		{101294C1-EE82-45C4-B787-29E37E167EA7} = {101294C1-EE82-45C4-B787-29E37E167EA7}
	EndProjectSection
EndProject
Global
	GlobalSection(SolutionConfigurationPlatforms) = preSolution
		Debug|Any CPU = Debug|Any CPU
		Release|Any CPU = Release|Any CPU
	EndGlobalSection
	GlobalSection(ProjectConfigurationPlatforms) = postSolution
		{0D96B8C7-F890-4381-AB68-5714BA4A9A02}.Debug|Any CPU.ActiveCfg = Debug|Any CPU
		{0D96B8C7-F890-4381-AB68-5714BA4A9A02}.Debug|Any CPU.Build.0 = Debug|Any CPU
		{0D96B8C7-F890-4381-AB68-5714BA4A9A02}.Release|Any CPU.ActiveCfg = Release|Any CPU
		{0D96B8C7-F890-4381-AB68-5714BA4A9A02}.Release|Any CPU.Build.0 = Release|Any CPU
		{101294C1-EE82-45C4-B787-29E37E167EA7}.Debug|Any CPU.ActiveCfg = Debug|Any CPU
		{101294C1-EE82-45C4-B787-29E37E167EA7}.Debug|Any CPU.Build.0 = Debug|Any CPU
		{101294C1-EE82-45C4-B787-29E37E167EA7}.Release|Any CPU.ActiveCfg = Release|Any CPU
		{101294C1-EE82-45C4-B787-29E37E167EA7}.Release|Any CPU.Build.0 = Release|Any CPU
		{F43D8DC1-0019-42A9-8108-CE36D728C284}.Debug|Any CPU.ActiveCfg = Debug|Any CPU
		{F43D8DC1-0019-42A9-8108-CE36D728C284}.Debug|Any CPU.Build.0 = Debug|Any CPU
		{F43D8DC1-0019-42A9-8108-CE36D728C284}.Release|Any CPU.ActiveCfg = Release|Any CPU
		{F43D8DC1-0019-42A9-8108-CE36D728C284}.Release|Any CPU.Build.0 = Release|Any CPU
		{7E34E85C-515E-404A-93E8-9B7C4B277A09}.Debug|Any CPU.ActiveCfg = Debug|Any CPU
		{7E34E85C-515E-404A-93E8-9B7C4B277A09}.Debug|Any CPU.Build.0 = Debug|Any CPU
		{7E34E85C-515E-404A-93E8-9B7C4B277A09}.Release|Any CPU.ActiveCfg = Release|Any CPU
		{7E34E85C-515E-404A-93E8-9B7C4B277A09}.Release|Any CPU.Build.0 = Release|Any CPU
	EndGlobalSection
	GlobalSection(SolutionProperties) = preSolution
		HideSolutionNode = FALSE
	EndGlobalSection
EndGlobal
